
Microsoft Visual Studio Solution File, Format Version 12.00
# Visual Studio 2013
VisualStudioVersion = 12.0.40629.0
MinimumVisualStudioVersion = 10.0.40219.1
Project("{2150E333-8FDC-42A3-9474-1A3956D46DE8}") = ".nuget", ".nuget", "{3261AD87-FA7B-4B2B-9121-6E58F8B88B23}"
	ProjectSection(SolutionItems) = preProject
		.nuget\NuGet.Config = .nuget\NuGet.Config
		.nuget\NuGet.exe = .nuget\NuGet.exe
		.nuget\NuGet.targets = .nuget\NuGet.targets
	EndProjectSection
EndProject
Project("{2150E333-8FDC-42A3-9474-1A3956D46DE8}") = "src", "src", "{C691F6BD-4C82-41F4-9342-681F2B0B712B}"
EndProject
Project("{2150E333-8FDC-42A3-9474-1A3956D46DE8}") = "test", "test", "{A66D8CC5-101B-425F-883A-2DFD76068F9D}"
EndProject
Project("{2150E333-8FDC-42A3-9474-1A3956D46DE8}") = "SharedFiles", "SharedFiles", "{81B63FCC-0902-4ED6-B197-3AA3CEF2784E}"
EndProject
Project("{2150E333-8FDC-42A3-9474-1A3956D46DE8}") = "import", "import", "{700A853A-5751-4C7D-8CD0-D05FEE24129E}"
	ProjectSection(SolutionItems) = preProject
		test\SharedFiles\import\base.css = test\SharedFiles\import\base.css
	EndProjectSection
EndProject
Project("{2150E333-8FDC-42A3-9474-1A3956D46DE8}") = "sass", "sass", "{6690182B-3F5B-43EE-A46C-C1358107818B}"
	ProjectSection(SolutionItems) = preProject
		test\SharedFiles\import\sass\_reset.sass = test\SharedFiles\import\sass\_reset.sass
		test\SharedFiles\import\sass\base.sass = test\SharedFiles\import\sass\base.sass
	EndProjectSection
EndProject
Project("{2150E333-8FDC-42A3-9474-1A3956D46DE8}") = "scss", "scss", "{4507EA3C-98FD-46D1-A631-F2251E4AA19C}"
	ProjectSection(SolutionItems) = preProject
		test\SharedFiles\import\scss\_reset.scss = test\SharedFiles\import\scss\_reset.scss
		test\SharedFiles\import\scss\base.scss = test\SharedFiles\import\scss\base.scss
	EndProjectSection
EndProject
Project("{2150E333-8FDC-42A3-9474-1A3956D46DE8}") = "variables", "variables", "{FF604A66-1AFB-48A8-A987-66720876B284}"
	ProjectSection(SolutionItems) = preProject
		test\SharedFiles\variables\style.css = test\SharedFiles\variables\style.css
	EndProjectSection
EndProject
Project("{2150E333-8FDC-42A3-9474-1A3956D46DE8}") = "sass", "sass", "{6D56B33F-201A-4D67-A64C-23FAE9C82C99}"
	ProjectSection(SolutionItems) = preProject
		test\SharedFiles\variables\sass\style.sass = test\SharedFiles\variables\sass\style.sass
	EndProjectSection
EndProject
Project("{2150E333-8FDC-42A3-9474-1A3956D46DE8}") = "scss", "scss", "{CAE872DE-9B99-4070-A447-81768EDAF529}"
	ProjectSection(SolutionItems) = preProject
		test\SharedFiles\variables\scss\style.scss = test\SharedFiles\variables\scss\style.scss
	EndProjectSection
EndProject
Project("{2150E333-8FDC-42A3-9474-1A3956D46DE8}") = "ютф-16", "ютф-16", "{0604F9D2-ED6B-4864-A36F-613B74D9605F}"
	ProjectSection(SolutionItems) = preProject
		test\SharedFiles\ютф-16\символы.css = test\SharedFiles\ютф-16\символы.css
	EndProjectSection
EndProject
Project("{2150E333-8FDC-42A3-9474-1A3956D46DE8}") = "sass", "sass", "{5333B5B5-13A0-4121-8670-634202EE9CC5}"
	ProjectSection(SolutionItems) = preProject
		test\SharedFiles\ютф-16\sass\символы.sass = test\SharedFiles\ютф-16\sass\символы.sass
	EndProjectSection
EndProject
Project("{2150E333-8FDC-42A3-9474-1A3956D46DE8}") = "scss", "scss", "{68508EF7-FEB7-4F86-A64C-3793BD55AFA8}"
	ProjectSection(SolutionItems) = preProject
		test\SharedFiles\ютф-16\scss\символы.scss = test\SharedFiles\ютф-16\scss\символы.scss
	EndProjectSection
EndProject
Project("{2150E333-8FDC-42A3-9474-1A3956D46DE8}") = "ютф-8", "ютф-8", "{9440215A-EF8B-4950-9157-B3D399FE4E29}"
	ProjectSection(SolutionItems) = preProject
		test\SharedFiles\ютф-8\символы.css = test\SharedFiles\ютф-8\символы.css
	EndProjectSection
EndProject
Project("{2150E333-8FDC-42A3-9474-1A3956D46DE8}") = "sass", "sass", "{2AB06281-ABC1-4BD6-9608-2D59564595DF}"
	ProjectSection(SolutionItems) = preProject
		test\SharedFiles\ютф-8\sass\символы.sass = test\SharedFiles\ютф-8\sass\символы.sass
	EndProjectSection
EndProject
Project("{2150E333-8FDC-42A3-9474-1A3956D46DE8}") = "scss", "scss", "{B8E566A4-F0A8-4833-9234-11894FFB7B21}"
	ProjectSection(SolutionItems) = preProject
		test\SharedFiles\ютф-8\scss\символы.scss = test\SharedFiles\ютф-8\scss\символы.scss
	EndProjectSection
EndProject
Project("{2150E333-8FDC-42A3-9474-1A3956D46DE8}") = "samples", "samples", "{08C00CA4-7560-497A-BD97-52545CD9474A}"
EndProject
Project("{FAE04EC0-301F-11D3-BF4B-00C04F79EFBC}") = "LibSassHost.Net40", "src\LibSassHost.Net4\LibSassHost.Net40.csproj", "{6F97EACF-4401-4AED-9BF9-41D5E1BE4F86}"
EndProject
Project("{FAE04EC0-301F-11D3-BF4B-00C04F79EFBC}") = "LibSassHost.Test.Common.Net40", "test\LibSassHost.Test.Common.Net4\LibSassHost.Test.Common.Net40.csproj", "{45F2E697-055B-45F5-A6DF-9F80B5781D75}"
EndProject
Project("{FAE04EC0-301F-11D3-BF4B-00C04F79EFBC}") = "LibSassHost.Test.CompilerWithFileManager.Net40", "test\LibSassHost.Test.CompilerWithFileManager.Net4\LibSassHost.Test.CompilerWithFileManager.Net40.csproj", "{49EC7EC3-C10F-49C4-B71C-E35ECD904ABE}"
EndProject
Project("{FAE04EC0-301F-11D3-BF4B-00C04F79EFBC}") = "LibSassHost.Test.CompilerWithoutFileManager.Net40", "test\LibSassHost.Test.CompilerWithoutFileManager.Net4\LibSassHost.Test.CompilerWithoutFileManager.Net40.csproj", "{B8588BB6-C977-4342-9B09-869D66F2FD76}"
EndProject
Project("{FAE04EC0-301F-11D3-BF4B-00C04F79EFBC}") = "LibSassHost.Sample.ConsoleApp.Net4", "samples\LibSassHost.Sample.ConsoleApp.Net4\LibSassHost.Sample.ConsoleApp.Net4.csproj", "{106CB6B3-52BB-4FA2-AAC5-460824FCA356}"
EndProject
Global
	GlobalSection(SolutionConfigurationPlatforms) = preSolution
		Debug|Any CPU = Debug|Any CPU
		Debug|Mixed Platforms = Debug|Mixed Platforms
		Debug|Win32 = Debug|Win32
		Debug|x64 = Debug|x64
		Release|Any CPU = Release|Any CPU
		Release|Mixed Platforms = Release|Mixed Platforms
		Release|Win32 = Release|Win32
		Release|x64 = Release|x64
	EndGlobalSection
	GlobalSection(ProjectConfigurationPlatforms) = postSolution
		{6F97EACF-4401-4AED-9BF9-41D5E1BE4F86}.Debug|Any CPU.ActiveCfg = Debug|Any CPU
		{6F97EACF-4401-4AED-9BF9-41D5E1BE4F86}.Debug|Any CPU.Build.0 = Debug|Any CPU
		{6F97EACF-4401-4AED-9BF9-41D5E1BE4F86}.Debug|Mixed Platforms.ActiveCfg = Debug|Any CPU
		{6F97EACF-4401-4AED-9BF9-41D5E1BE4F86}.Debug|Mixed Platforms.Build.0 = Debug|Any CPU
		{6F97EACF-4401-4AED-9BF9-41D5E1BE4F86}.Debug|Win32.ActiveCfg = Debug|Any CPU
		{6F97EACF-4401-4AED-9BF9-41D5E1BE4F86}.Debug|x64.ActiveCfg = Debug|Any CPU
		{6F97EACF-4401-4AED-9BF9-41D5E1BE4F86}.Release|Any CPU.ActiveCfg = Release|Any CPU
		{6F97EACF-4401-4AED-9BF9-41D5E1BE4F86}.Release|Any CPU.Build.0 = Release|Any CPU
		{6F97EACF-4401-4AED-9BF9-41D5E1BE4F86}.Release|Mixed Platforms.ActiveCfg = Release|Any CPU
		{6F97EACF-4401-4AED-9BF9-41D5E1BE4F86}.Release|Mixed Platforms.Build.0 = Release|Any CPU
		{6F97EACF-4401-4AED-9BF9-41D5E1BE4F86}.Release|Win32.ActiveCfg = Release|Any CPU
		{6F97EACF-4401-4AED-9BF9-41D5E1BE4F86}.Release|x64.ActiveCfg = Release|Any CPU
		{45F2E697-055B-45F5-A6DF-9F80B5781D75}.Debug|Any CPU.ActiveCfg = Debug|Any CPU
		{45F2E697-055B-45F5-A6DF-9F80B5781D75}.Debug|Any CPU.Build.0 = Debug|Any CPU
		{45F2E697-055B-45F5-A6DF-9F80B5781D75}.Debug|Mixed Platforms.ActiveCfg = Debug|Any CPU
		{45F2E697-055B-45F5-A6DF-9F80B5781D75}.Debug|Mixed Platforms.Build.0 = Debug|Any CPU
		{45F2E697-055B-45F5-A6DF-9F80B5781D75}.Debug|Win32.ActiveCfg = Debug|Any CPU
		{45F2E697-055B-45F5-A6DF-9F80B5781D75}.Debug|x64.ActiveCfg = Debug|Any CPU
		{45F2E697-055B-45F5-A6DF-9F80B5781D75}.Release|Any CPU.ActiveCfg = Release|Any CPU
		{45F2E697-055B-45F5-A6DF-9F80B5781D75}.Release|Any CPU.Build.0 = Release|Any CPU
		{45F2E697-055B-45F5-A6DF-9F80B5781D75}.Release|Mixed Platforms.ActiveCfg = Release|Any CPU
		{45F2E697-055B-45F5-A6DF-9F80B5781D75}.Release|Mixed Platforms.Build.0 = Release|Any CPU
		{45F2E697-055B-45F5-A6DF-9F80B5781D75}.Release|Win32.ActiveCfg = Release|Any CPU
		{45F2E697-055B-45F5-A6DF-9F80B5781D75}.Release|x64.ActiveCfg = Release|Any CPU
		{49EC7EC3-C10F-49C4-B71C-E35ECD904ABE}.Debug|Any CPU.ActiveCfg = Debug|Any CPU
		{49EC7EC3-C10F-49C4-B71C-E35ECD904ABE}.Debug|Any CPU.Build.0 = Debug|Any CPU
		{49EC7EC3-C10F-49C4-B71C-E35ECD904ABE}.Debug|Mixed Platforms.ActiveCfg = Debug|Any CPU
		{49EC7EC3-C10F-49C4-B71C-E35ECD904ABE}.Debug|Mixed Platforms.Build.0 = Debug|Any CPU
		{49EC7EC3-C10F-49C4-B71C-E35ECD904ABE}.Debug|Win32.ActiveCfg = Debug|Any CPU
		{49EC7EC3-C10F-49C4-B71C-E35ECD904ABE}.Debug|x64.ActiveCfg = Debug|Any CPU
		{49EC7EC3-C10F-49C4-B71C-E35ECD904ABE}.Release|Any CPU.ActiveCfg = Release|Any CPU
		{49EC7EC3-C10F-49C4-B71C-E35ECD904ABE}.Release|Any CPU.Build.0 = Release|Any CPU
		{49EC7EC3-C10F-49C4-B71C-E35ECD904ABE}.Release|Mixed Platforms.ActiveCfg = Release|Any CPU
		{49EC7EC3-C10F-49C4-B71C-E35ECD904ABE}.Release|Mixed Platforms.Build.0 = Release|Any CPU
		{49EC7EC3-C10F-49C4-B71C-E35ECD904ABE}.Release|Win32.ActiveCfg = Release|Any CPU
		{49EC7EC3-C10F-49C4-B71C-E35ECD904ABE}.Release|x64.ActiveCfg = Release|Any CPU
		{B8588BB6-C977-4342-9B09-869D66F2FD76}.Debug|Any CPU.ActiveCfg = Debug|Any CPU
		{B8588BB6-C977-4342-9B09-869D66F2FD76}.Debug|Any CPU.Build.0 = Debug|Any CPU
		{B8588BB6-C977-4342-9B09-869D66F2FD76}.Debug|Mixed Platforms.ActiveCfg = Debug|Any CPU
		{B8588BB6-C977-4342-9B09-869D66F2FD76}.Debug|Mixed Platforms.Build.0 = Debug|Any CPU
		{B8588BB6-C977-4342-9B09-869D66F2FD76}.Debug|Win32.ActiveCfg = Debug|Any CPU
		{B8588BB6-C977-4342-9B09-869D66F2FD76}.Debug|x64.ActiveCfg = Debug|Any CPU
		{B8588BB6-C977-4342-9B09-869D66F2FD76}.Release|Any CPU.ActiveCfg = Release|Any CPU
		{B8588BB6-C977-4342-9B09-869D66F2FD76}.Release|Any CPU.Build.0 = Release|Any CPU
		{B8588BB6-C977-4342-9B09-869D66F2FD76}.Release|Mixed Platforms.ActiveCfg = Release|Any CPU
		{B8588BB6-C977-4342-9B09-869D66F2FD76}.Release|Mixed Platforms.Build.0 = Release|Any CPU
		{B8588BB6-C977-4342-9B09-869D66F2FD76}.Release|Win32.ActiveCfg = Release|Any CPU
		{B8588BB6-C977-4342-9B09-869D66F2FD76}.Release|x64.ActiveCfg = Release|Any CPU
		{106CB6B3-52BB-4FA2-AAC5-460824FCA356}.Debug|Any CPU.ActiveCfg = Debug|Any CPU
		{106CB6B3-52BB-4FA2-AAC5-460824FCA356}.Debug|Any CPU.Build.0 = Debug|Any CPU
		{106CB6B3-52BB-4FA2-AAC5-460824FCA356}.Debug|Mixed Platforms.ActiveCfg = Debug|Any CPU
		{106CB6B3-52BB-4FA2-AAC5-460824FCA356}.Debug|Mixed Platforms.Build.0 = Debug|Any CPU
		{106CB6B3-52BB-4FA2-AAC5-460824FCA356}.Debug|Win32.ActiveCfg = Debug|Any CPU
		{106CB6B3-52BB-4FA2-AAC5-460824FCA356}.Debug|x64.ActiveCfg = Debug|Any CPU
		{106CB6B3-52BB-4FA2-AAC5-460824FCA356}.Release|Any CPU.ActiveCfg = Release|Any CPU
		{106CB6B3-52BB-4FA2-AAC5-460824FCA356}.Release|Any CPU.Build.0 = Release|Any CPU
		{106CB6B3-52BB-4FA2-AAC5-460824FCA356}.Release|Mixed Platforms.ActiveCfg = Release|Any CPU
		{106CB6B3-52BB-4FA2-AAC5-460824FCA356}.Release|Mixed Platforms.Build.0 = Release|Any CPU
		{106CB6B3-52BB-4FA2-AAC5-460824FCA356}.Release|Win32.ActiveCfg = Release|Any CPU
		{106CB6B3-52BB-4FA2-AAC5-460824FCA356}.Release|x64.ActiveCfg = Release|Any CPU
	EndGlobalSection
	GlobalSection(SolutionProperties) = preSolution
		HideSolutionNode = FALSE
	EndGlobalSection
	GlobalSection(NestedProjects) = preSolution
		{81B63FCC-0902-4ED6-B197-3AA3CEF2784E} = {A66D8CC5-101B-425F-883A-2DFD76068F9D}
		{6690182B-3F5B-43EE-A46C-C1358107818B} = {700A853A-5751-4C7D-8CD0-D05FEE24129E}
		{4507EA3C-98FD-46D1-A631-F2251E4AA19C} = {700A853A-5751-4C7D-8CD0-D05FEE24129E}
		{700A853A-5751-4C7D-8CD0-D05FEE24129E} = {81B63FCC-0902-4ED6-B197-3AA3CEF2784E}
		{6D56B33F-201A-4D67-A64C-23FAE9C82C99} = {FF604A66-1AFB-48A8-A987-66720876B284}
		{CAE872DE-9B99-4070-A447-81768EDAF529} = {FF604A66-1AFB-48A8-A987-66720876B284}
		{FF604A66-1AFB-48A8-A987-66720876B284} = {81B63FCC-0902-4ED6-B197-3AA3CEF2784E}
		{2AB06281-ABC1-4BD6-9608-2D59564595DF} = {9440215A-EF8B-4950-9157-B3D399FE4E29}
		{B8E566A4-F0A8-4833-9234-11894FFB7B21} = {9440215A-EF8B-4950-9157-B3D399FE4E29}
		{9440215A-EF8B-4950-9157-B3D399FE4E29} = {81B63FCC-0902-4ED6-B197-3AA3CEF2784E}
		{6F97EACF-4401-4AED-9BF9-41D5E1BE4F86} = {C691F6BD-4C82-41F4-9342-681F2B0B712B}
		{45F2E697-055B-45F5-A6DF-9F80B5781D75} = {A66D8CC5-101B-425F-883A-2DFD76068F9D}
		{49EC7EC3-C10F-49C4-B71C-E35ECD904ABE} = {A66D8CC5-101B-425F-883A-2DFD76068F9D}
		{B8588BB6-C977-4342-9B09-869D66F2FD76} = {A66D8CC5-101B-425F-883A-2DFD76068F9D}
		{106CB6B3-52BB-4FA2-AAC5-460824FCA356} = {08C00CA4-7560-497A-BD97-52545CD9474A}
		{0604F9D2-ED6B-4864-A36F-613B74D9605F} = {81B63FCC-0902-4ED6-B197-3AA3CEF2784E}
		{5333B5B5-13A0-4121-8670-634202EE9CC5} = {0604F9D2-ED6B-4864-A36F-613B74D9605F}
		{68508EF7-FEB7-4F86-A64C-3793BD55AFA8} = {0604F9D2-ED6B-4864-A36F-613B74D9605F}
	EndGlobalSection
EndGlobal
