
Microsoft Visual Studio Solution File, Format Version 12.00
# Visual Studio Version 17
VisualStudioVersion = 17.0.31903.59
MinimumVisualStudioVersion = 10.0.40219.1
Project("{2150E333-8FDC-42A3-9474-1A3956D46DE8}") = "Solution Items", "Solution Items", "{19575E10-6B8E-4CF0-B7D2-898FFF47E157}"
	ProjectSection(SolutionItems) = preProject
		build-libsass.cmd = build-libsass.cmd
		build-libsass.sh = build-libsass.sh
		CHANGELOG.md = CHANGELOG.md
		global.json = global.json
		LICENSE.txt = LICENSE.txt
		README.md = README.md
	EndProjectSection
EndProject
Project("{2150E333-8FDC-42A3-9474-1A3956D46DE8}") = "build", "build", "{55626F15-1AA6-45B5-BB21-A592BD268B88}"
	ProjectSection(SolutionItems) = preProject
		build\common.props = build\common.props
		build\initialize-standard-nuspec-properties.targets = build\initialize-standard-nuspec-properties.targets
		build\Key.snk = build\Key.snk
		build\net40-client-target.props = build\net40-client-target.props
		build\nuget-common.props = build\nuget-common.props
		build\nuget-for-dotnet-lib.props = build\nuget-for-dotnet-lib.props
		build\nuget-for-native-lib.props = build\nuget-for-native-lib.props
	EndProjectSection
EndProject
Project("{2150E333-8FDC-42A3-9474-1A3956D46DE8}") = "src", "src", "{F040905A-670E-4E77-82DB-721CD7B3FAC2}"
EndProject
Project("{2150E333-8FDC-42A3-9474-1A3956D46DE8}") = "test", "test", "{55EC2284-4F3D-4222-BD02-CD85FB109CB4}"
EndProject
Project("{2150E333-8FDC-42A3-9474-1A3956D46DE8}") = "SharedFiles", "SharedFiles", "{2C4390B1-5078-4BFE-9265-8D5154F394E8}"
EndProject
Project("{2150E333-8FDC-42A3-9474-1A3956D46DE8}") = "import", "import", "{23BAADD9-EFC6-4D5B-BE74-8134F84FD465}"
	ProjectSection(SolutionItems) = preProject
		test\SharedFiles\import\base.css = test\SharedFiles\import\base.css
	EndProjectSection
EndProject
Project("{2150E333-8FDC-42A3-9474-1A3956D46DE8}") = "sass", "sass", "{22562C87-E41F-477D-BB88-F744008A4552}"
	ProjectSection(SolutionItems) = preProject
		test\SharedFiles\import\sass\base.sass = test\SharedFiles\import\sass\base.sass
		test\SharedFiles\import\sass\_reset.sass = test\SharedFiles\import\sass\_reset.sass
	EndProjectSection
EndProject
Project("{2150E333-8FDC-42A3-9474-1A3956D46DE8}") = "scss", "scss", "{43748E61-8E70-413D-8EA6-71650C0DE32E}"
	ProjectSection(SolutionItems) = preProject
		test\SharedFiles\import\scss\base.scss = test\SharedFiles\import\scss\base.scss
		test\SharedFiles\import\scss\_reset.scss = test\SharedFiles\import\scss\_reset.scss
	EndProjectSection
EndProject
Project("{2150E333-8FDC-42A3-9474-1A3956D46DE8}") = "variables", "variables", "{378B6413-E283-44F5-ACEF-D441BE1E32CA}"
	ProjectSection(SolutionItems) = preProject
		test\SharedFiles\variables\style.css = test\SharedFiles\variables\style.css
	EndProjectSection
EndProject
Project("{2150E333-8FDC-42A3-9474-1A3956D46DE8}") = "sass", "sass", "{E1B92A02-52FF-461E-B66E-B26446C931FB}"
	ProjectSection(SolutionItems) = preProject
		test\SharedFiles\variables\sass\style.sass = test\SharedFiles\variables\sass\style.sass
	EndProjectSection
EndProject
Project("{2150E333-8FDC-42A3-9474-1A3956D46DE8}") = "scss", "scss", "{FE516CBB-FFB2-42F4-BB3B-541D7A1B4300}"
	ProjectSection(SolutionItems) = preProject
		test\SharedFiles\variables\scss\style.scss = test\SharedFiles\variables\scss\style.scss
	EndProjectSection
EndProject
Project("{2150E333-8FDC-42A3-9474-1A3956D46DE8}") = "ютф-8", "ютф-8", "{41289F2A-CE3F-4548-BB1D-54528F93B4A3}"
	ProjectSection(SolutionItems) = preProject
		test\SharedFiles\ютф-8\символы.css = test\SharedFiles\ютф-8\символы.css
	EndProjectSection
EndProject
Project("{2150E333-8FDC-42A3-9474-1A3956D46DE8}") = "sass", "sass", "{F28BF497-C629-405E-BC1D-98274EB5A1F3}"
	ProjectSection(SolutionItems) = preProject
		test\SharedFiles\ютф-8\sass\символы.sass = test\SharedFiles\ютф-8\sass\символы.sass
	EndProjectSection
EndProject
Project("{2150E333-8FDC-42A3-9474-1A3956D46DE8}") = "scss", "scss", "{66E68A80-4593-4D86-B8B2-569128A329B1}"
	ProjectSection(SolutionItems) = preProject
		test\SharedFiles\ютф-8\scss\символы.scss = test\SharedFiles\ютф-8\scss\символы.scss
	EndProjectSection
EndProject
Project("{2150E333-8FDC-42A3-9474-1A3956D46DE8}") = "ютф-16", "ютф-16", "{E0898809-CFDA-45EA-9FA9-96702099ABF5}"
	ProjectSection(SolutionItems) = preProject
		test\SharedFiles\ютф-16\символы.css = test\SharedFiles\ютф-16\символы.css
	EndProjectSection
EndProject
Project("{2150E333-8FDC-42A3-9474-1A3956D46DE8}") = "sass", "sass", "{45D3F509-7E39-42E6-8C1A-4B6299D6AD43}"
	ProjectSection(SolutionItems) = preProject
		test\SharedFiles\ютф-16\sass\символы.sass = test\SharedFiles\ютф-16\sass\символы.sass
	EndProjectSection
EndProject
Project("{2150E333-8FDC-42A3-9474-1A3956D46DE8}") = "scss", "scss", "{16B0E219-7EDA-44B3-BB99-0647C9B88250}"
	ProjectSection(SolutionItems) = preProject
		test\SharedFiles\ютф-16\scss\символы.scss = test\SharedFiles\ютф-16\scss\символы.scss
	EndProjectSection
EndProject
Project("{2150E333-8FDC-42A3-9474-1A3956D46DE8}") = "samples", "samples", "{474BA2D5-A05E-450E-BBEE-4D52F1FF34EF}"
EndProject
Project("{2150E333-8FDC-42A3-9474-1A3956D46DE8}") = "SharedFiles", "SharedFiles", "{EB48BA6B-E578-485E-88CE-C8A83ABE691E}"
	ProjectSection(SolutionItems) = preProject
		samples\SharedFiles\style.scss = samples\SharedFiles\style.scss
		samples\SharedFiles\_reset.scss = samples\SharedFiles\_reset.scss
	EndProjectSection
EndProject
Project("{9A19103F-16F7-4668-BE54-9A1E7A4F7556}") = "LibSassHost", "src\LibSassHost\LibSassHost.csproj", "{FFF1A803-D3EB-4843-93BE-E84C695F4967}"
EndProject
Project("{9A19103F-16F7-4668-BE54-9A1E7A4F7556}") = "LibSassHost.Native.linux-x64", "src\LibSassHost.Native.linux-x64\LibSassHost.Native.linux-x64.csproj", "{B8E1B482-5C3C-4410-BCC5-A14C83F3A8EA}"
EndProject
Project("{9A19103F-16F7-4668-BE54-9A1E7A4F7556}") = "LibSassHost.Native.osx-x64", "src\LibSassHost.Native.osx-x64\LibSassHost.Native.osx-x64.csproj", "{08D3758C-DAB6-4555-80B6-F11EE12063E4}"
EndProject
Project("{9A19103F-16F7-4668-BE54-9A1E7A4F7556}") = "LibSassHost.Native.win-x64", "src\LibSassHost.Native.win-x64\LibSassHost.Native.win-x64.csproj", "{B67FA9F1-84BA-4325-A892-C047037492D9}"
EndProject
Project("{9A19103F-16F7-4668-BE54-9A1E7A4F7556}") = "LibSassHost.Native.win-x86", "src\LibSassHost.Native.win-x86\LibSassHost.Native.win-x86.csproj", "{F374E87A-8074-4AD6-BB22-301AB0300E12}"
EndProject
Project("{9A19103F-16F7-4668-BE54-9A1E7A4F7556}") = "LibSassHost.Native.win-arm", "src\LibSassHost.Native.win-arm\LibSassHost.Native.win-arm.csproj", "{58D28FA0-A7D1-4A87-A561-E6BA5304B51C}"
EndProject
Project("{FAE04EC0-301F-11D3-BF4B-00C04F79EFBC}") = "LibSassHost.Native.win-arm64", "src\LibSassHost.Native.win-arm64\LibSassHost.Native.win-arm64.csproj", "{406FDDE5-1295-42AD-B04D-84B508A04EEB}"
EndProject
Project("{9A19103F-16F7-4668-BE54-9A1E7A4F7556}") = "LibSassHost.Benchmarks", "test\LibSassHost.Benchmarks\LibSassHost.Benchmarks.csproj", "{D6D1EF9F-C32F-4887-BBCF-3F15BD4FFB91}"
EndProject
Project("{9A19103F-16F7-4668-BE54-9A1E7A4F7556}") = "LibSassHost.Test.Common", "test\LibSassHost.Test.Common\LibSassHost.Test.Common.csproj", "{0E8DBCA5-1D35-4C29-8D37-AD30B87CC131}"
EndProject
Project("{9A19103F-16F7-4668-BE54-9A1E7A4F7556}") = "LibSassHost.Test.CompilerWithFileManager", "test\LibSassHost.Test.CompilerWithFileManager\LibSassHost.Test.CompilerWithFileManager.csproj", "{00005BA4-B443-4778-9BC3-7E88018262FD}"
EndProject
Project("{9A19103F-16F7-4668-BE54-9A1E7A4F7556}") = "LibSassHost.Test.CompilerWithoutFileManager", "test\LibSassHost.Test.CompilerWithoutFileManager\LibSassHost.Test.CompilerWithoutFileManager.csproj", "{B6BBBF01-4E06-4A3A-93F6-65213DA7CA8A}"
EndProject
Project("{9A19103F-16F7-4668-BE54-9A1E7A4F7556}") = "LibSassHost.Sample.Logic", "samples\LibSassHost.Sample.Logic\LibSassHost.Sample.Logic.csproj", "{B84B347E-4CD5-46AE-8459-05837116A61A}"
EndProject
Project("{FAE04EC0-301F-11D3-BF4B-00C04F79EFBC}") = "LibSassHost.Sample.Net4.ConsoleApp", "samples\LibSassHost.Sample.Net4.ConsoleApp\LibSassHost.Sample.Net4.ConsoleApp.csproj", "{106CB6B3-52BB-4FA2-AAC5-460824FCA356}"
EndProject
Project("{9A19103F-16F7-4668-BE54-9A1E7A4F7556}") = "LibSassHost.Sample.NetCore1.ConsoleApp", "samples\LibSassHost.Sample.NetCore1.ConsoleApp\LibSassHost.Sample.NetCore1.ConsoleApp.csproj", "{6D2B94AD-1351-4C5A-A43D-097B67B199C0}"
EndProject
Project("{9A19103F-16F7-4668-BE54-9A1E7A4F7556}") = "LibSassHost.Sample.NetCore1Full.ConsoleApp", "samples\LibSassHost.Sample.NetCore1Full.ConsoleApp\LibSassHost.Sample.NetCore1Full.ConsoleApp.csproj", "{13274B8F-1033-48B7-A000-CC27C71E0F1A}"
EndProject
Project("{9A19103F-16F7-4668-BE54-9A1E7A4F7556}") = "LibSassHost.Sample.NetCore21.ConsoleApp", "samples\LibSassHost.Sample.NetCore21.ConsoleApp\LibSassHost.Sample.NetCore21.ConsoleApp.csproj", "{7E10904A-E9B8-4E47-A606-F399AE7F4F7F}"
EndProject
Project("{9A19103F-16F7-4668-BE54-9A1E7A4F7556}") = "LibSassHost.Sample.NetCore31.ConsoleApp", "samples\LibSassHost.Sample.NetCore31.ConsoleApp\LibSassHost.Sample.NetCore31.ConsoleApp.csproj", "{CCB60CC0-8211-4E42-AD96-3005497E1085}"
EndProject
Project("{9A19103F-16F7-4668-BE54-9A1E7A4F7556}") = "LibSassHost.Sample.Net5.ConsoleApp", "samples\LibSassHost.Sample.Net5.ConsoleApp\LibSassHost.Sample.Net5.ConsoleApp.csproj", "{41F518BD-CFBE-4087-B7BE-EDF553BEFF89}"
EndProject
Project("{9A19103F-16F7-4668-BE54-9A1E7A4F7556}") = "LibSassHost.Sample.Net6.ConsoleApp", "samples\LibSassHost.Sample.Net6.ConsoleApp\LibSassHost.Sample.Net6.ConsoleApp.csproj", "{0AD8CEE0-999A-4D49-92A7-C13ED8D827F4}"
EndProject
Project("{9A19103F-16F7-4668-BE54-9A1E7A4F7556}") = "LibSassHost.Sample.Net7.ConsoleApp", "samples\LibSassHost.Sample.Net7.ConsoleApp\LibSassHost.Sample.Net7.ConsoleApp.csproj", "{19221607-EAA3-40A3-A133-AB2A6BDA2A28}"
EndProject
Project("{9A19103F-16F7-4668-BE54-9A1E7A4F7556}") = "LibSassHost.Sample.Net8.ConsoleApp", "samples\LibSassHost.Sample.Net8.ConsoleApp\LibSassHost.Sample.Net8.ConsoleApp.csproj", "{4AF1E68F-2551-4E5B-A8DE-AB39E3D1FACF}"
EndProject
Project("{FAE04EC0-301F-11D3-BF4B-00C04F79EFBC}") = "LibSassHost.Sample.Net9.ConsoleApp", "samples\LibSassHost.Sample.Net9.ConsoleApp\LibSassHost.Sample.Net9.ConsoleApp.csproj", "{87055FB8-95C4-4409-B7D4-5A2E2B442B09}"
EndProject
Project("{FAE04EC0-301F-11D3-BF4B-00C04F79EFBC}") = "LibSassHost.Sample.Net10.ConsoleApp", "samples\LibSassHost.Sample.Net10.ConsoleApp\LibSassHost.Sample.Net10.ConsoleApp.csproj", "{33A5D665-FB26-CB0E-5AF0-4DC79FC10C86}"
EndProject
Global
	GlobalSection(SolutionConfigurationPlatforms) = preSolution
		Debug|Any CPU = Debug|Any CPU
		Release|Any CPU = Release|Any CPU
	EndGlobalSection
	GlobalSection(ProjectConfigurationPlatforms) = postSolution
		{FFF1A803-D3EB-4843-93BE-E84C695F4967}.Debug|Any CPU.ActiveCfg = Debug|Any CPU
		{FFF1A803-D3EB-4843-93BE-E84C695F4967}.Debug|Any CPU.Build.0 = Debug|Any CPU
		{FFF1A803-D3EB-4843-93BE-E84C695F4967}.Release|Any CPU.ActiveCfg = Release|Any CPU
		{FFF1A803-D3EB-4843-93BE-E84C695F4967}.Release|Any CPU.Build.0 = Release|Any CPU
		{B8E1B482-5C3C-4410-BCC5-A14C83F3A8EA}.Debug|Any CPU.ActiveCfg = Debug|Any CPU
		{B8E1B482-5C3C-4410-BCC5-A14C83F3A8EA}.Debug|Any CPU.Build.0 = Debug|Any CPU
		{B8E1B482-5C3C-4410-BCC5-A14C83F3A8EA}.Release|Any CPU.ActiveCfg = Release|Any CPU
		{B8E1B482-5C3C-4410-BCC5-A14C83F3A8EA}.Release|Any CPU.Build.0 = Release|Any CPU
		{08D3758C-DAB6-4555-80B6-F11EE12063E4}.Debug|Any CPU.ActiveCfg = Debug|Any CPU
		{08D3758C-DAB6-4555-80B6-F11EE12063E4}.Debug|Any CPU.Build.0 = Debug|Any CPU
		{08D3758C-DAB6-4555-80B6-F11EE12063E4}.Release|Any CPU.ActiveCfg = Release|Any CPU
		{08D3758C-DAB6-4555-80B6-F11EE12063E4}.Release|Any CPU.Build.0 = Release|Any CPU
		{B67FA9F1-84BA-4325-A892-C047037492D9}.Debug|Any CPU.ActiveCfg = Debug|Any CPU
		{B67FA9F1-84BA-4325-A892-C047037492D9}.Debug|Any CPU.Build.0 = Debug|Any CPU
		{B67FA9F1-84BA-4325-A892-C047037492D9}.Release|Any CPU.ActiveCfg = Release|Any CPU
		{B67FA9F1-84BA-4325-A892-C047037492D9}.Release|Any CPU.Build.0 = Release|Any CPU
		{F374E87A-8074-4AD6-BB22-301AB0300E12}.Debug|Any CPU.ActiveCfg = Debug|Any CPU
		{F374E87A-8074-4AD6-BB22-301AB0300E12}.Debug|Any CPU.Build.0 = Debug|Any CPU
		{F374E87A-8074-4AD6-BB22-301AB0300E12}.Release|Any CPU.ActiveCfg = Release|Any CPU
		{F374E87A-8074-4AD6-BB22-301AB0300E12}.Release|Any CPU.Build.0 = Release|Any CPU
		{58D28FA0-A7D1-4A87-A561-E6BA5304B51C}.Debug|Any CPU.ActiveCfg = Debug|Any CPU
		{58D28FA0-A7D1-4A87-A561-E6BA5304B51C}.Debug|Any CPU.Build.0 = Debug|Any CPU
		{58D28FA0-A7D1-4A87-A561-E6BA5304B51C}.Release|Any CPU.ActiveCfg = Release|Any CPU
		{58D28FA0-A7D1-4A87-A561-E6BA5304B51C}.Release|Any CPU.Build.0 = Release|Any CPU
		{406FDDE5-1295-42AD-B04D-84B508A04EEB}.Debug|Any CPU.ActiveCfg = Debug|Any CPU
		{406FDDE5-1295-42AD-B04D-84B508A04EEB}.Debug|Any CPU.Build.0 = Debug|Any CPU
		{406FDDE5-1295-42AD-B04D-84B508A04EEB}.Release|Any CPU.ActiveCfg = Release|Any CPU
		{406FDDE5-1295-42AD-B04D-84B508A04EEB}.Release|Any CPU.Build.0 = Release|Any CPU
		{D6D1EF9F-C32F-4887-BBCF-3F15BD4FFB91}.Debug|Any CPU.ActiveCfg = Debug|Any CPU
		{D6D1EF9F-C32F-4887-BBCF-3F15BD4FFB91}.Debug|Any CPU.Build.0 = Debug|Any CPU
		{D6D1EF9F-C32F-4887-BBCF-3F15BD4FFB91}.Release|Any CPU.ActiveCfg = Release|Any CPU
		{D6D1EF9F-C32F-4887-BBCF-3F15BD4FFB91}.Release|Any CPU.Build.0 = Release|Any CPU
		{0E8DBCA5-1D35-4C29-8D37-AD30B87CC131}.Debug|Any CPU.ActiveCfg = Debug|Any CPU
		{0E8DBCA5-1D35-4C29-8D37-AD30B87CC131}.Debug|Any CPU.Build.0 = Debug|Any CPU
		{0E8DBCA5-1D35-4C29-8D37-AD30B87CC131}.Release|Any CPU.ActiveCfg = Release|Any CPU
		{0E8DBCA5-1D35-4C29-8D37-AD30B87CC131}.Release|Any CPU.Build.0 = Release|Any CPU
		{00005BA4-B443-4778-9BC3-7E88018262FD}.Debug|Any CPU.ActiveCfg = Debug|Any CPU
		{00005BA4-B443-4778-9BC3-7E88018262FD}.Debug|Any CPU.Build.0 = Debug|Any CPU
		{00005BA4-B443-4778-9BC3-7E88018262FD}.Release|Any CPU.ActiveCfg = Release|Any CPU
		{00005BA4-B443-4778-9BC3-7E88018262FD}.Release|Any CPU.Build.0 = Release|Any CPU
		{B6BBBF01-4E06-4A3A-93F6-65213DA7CA8A}.Debug|Any CPU.ActiveCfg = Debug|Any CPU
		{B6BBBF01-4E06-4A3A-93F6-65213DA7CA8A}.Debug|Any CPU.Build.0 = Debug|Any CPU
		{B6BBBF01-4E06-4A3A-93F6-65213DA7CA8A}.Release|Any CPU.ActiveCfg = Release|Any CPU
		{B6BBBF01-4E06-4A3A-93F6-65213DA7CA8A}.Release|Any CPU.Build.0 = Release|Any CPU
		{B84B347E-4CD5-46AE-8459-05837116A61A}.Debug|Any CPU.ActiveCfg = Debug|Any CPU
		{B84B347E-4CD5-46AE-8459-05837116A61A}.Debug|Any CPU.Build.0 = Debug|Any CPU
		{B84B347E-4CD5-46AE-8459-05837116A61A}.Release|Any CPU.ActiveCfg = Release|Any CPU
		{B84B347E-4CD5-46AE-8459-05837116A61A}.Release|Any CPU.Build.0 = Release|Any CPU
		{106CB6B3-52BB-4FA2-AAC5-460824FCA356}.Debug|Any CPU.ActiveCfg = Debug|Any CPU
		{106CB6B3-52BB-4FA2-AAC5-460824FCA356}.Debug|Any CPU.Build.0 = Debug|Any CPU
		{106CB6B3-52BB-4FA2-AAC5-460824FCA356}.Release|Any CPU.ActiveCfg = Release|Any CPU
		{106CB6B3-52BB-4FA2-AAC5-460824FCA356}.Release|Any CPU.Build.0 = Release|Any CPU
		{6D2B94AD-1351-4C5A-A43D-097B67B199C0}.Debug|Any CPU.ActiveCfg = Debug|Any CPU
		{6D2B94AD-1351-4C5A-A43D-097B67B199C0}.Debug|Any CPU.Build.0 = Debug|Any CPU
		{6D2B94AD-1351-4C5A-A43D-097B67B199C0}.Release|Any CPU.ActiveCfg = Release|Any CPU
		{6D2B94AD-1351-4C5A-A43D-097B67B199C0}.Release|Any CPU.Build.0 = Release|Any CPU
		{13274B8F-1033-48B7-A000-CC27C71E0F1A}.Debug|Any CPU.ActiveCfg = Debug|Any CPU
		{13274B8F-1033-48B7-A000-CC27C71E0F1A}.Debug|Any CPU.Build.0 = Debug|Any CPU
		{13274B8F-1033-48B7-A000-CC27C71E0F1A}.Release|Any CPU.ActiveCfg = Release|Any CPU
		{13274B8F-1033-48B7-A000-CC27C71E0F1A}.Release|Any CPU.Build.0 = Release|Any CPU
		{7E10904A-E9B8-4E47-A606-F399AE7F4F7F}.Debug|Any CPU.ActiveCfg = Debug|Any CPU
		{7E10904A-E9B8-4E47-A606-F399AE7F4F7F}.Debug|Any CPU.Build.0 = Debug|Any CPU
		{7E10904A-E9B8-4E47-A606-F399AE7F4F7F}.Release|Any CPU.ActiveCfg = Release|Any CPU
		{7E10904A-E9B8-4E47-A606-F399AE7F4F7F}.Release|Any CPU.Build.0 = Release|Any CPU
		{CCB60CC0-8211-4E42-AD96-3005497E1085}.Debug|Any CPU.ActiveCfg = Debug|Any CPU
		{CCB60CC0-8211-4E42-AD96-3005497E1085}.Debug|Any CPU.Build.0 = Debug|Any CPU
		{CCB60CC0-8211-4E42-AD96-3005497E1085}.Release|Any CPU.ActiveCfg = Release|Any CPU
		{CCB60CC0-8211-4E42-AD96-3005497E1085}.Release|Any CPU.Build.0 = Release|Any CPU
		{41F518BD-CFBE-4087-B7BE-EDF553BEFF89}.Debug|Any CPU.ActiveCfg = Debug|Any CPU
		{41F518BD-CFBE-4087-B7BE-EDF553BEFF89}.Debug|Any CPU.Build.0 = Debug|Any CPU
		{41F518BD-CFBE-4087-B7BE-EDF553BEFF89}.Release|Any CPU.ActiveCfg = Release|Any CPU
		{41F518BD-CFBE-4087-B7BE-EDF553BEFF89}.Release|Any CPU.Build.0 = Release|Any CPU
		{0AD8CEE0-999A-4D49-92A7-C13ED8D827F4}.Debug|Any CPU.ActiveCfg = Debug|Any CPU
		{0AD8CEE0-999A-4D49-92A7-C13ED8D827F4}.Debug|Any CPU.Build.0 = Debug|Any CPU
		{0AD8CEE0-999A-4D49-92A7-C13ED8D827F4}.Release|Any CPU.ActiveCfg = Release|Any CPU
		{0AD8CEE0-999A-4D49-92A7-C13ED8D827F4}.Release|Any CPU.Build.0 = Release|Any CPU
		{19221607-EAA3-40A3-A133-AB2A6BDA2A28}.Debug|Any CPU.ActiveCfg = Debug|Any CPU
		{19221607-EAA3-40A3-A133-AB2A6BDA2A28}.Debug|Any CPU.Build.0 = Debug|Any CPU
		{19221607-EAA3-40A3-A133-AB2A6BDA2A28}.Release|Any CPU.ActiveCfg = Release|Any CPU
		{19221607-EAA3-40A3-A133-AB2A6BDA2A28}.Release|Any CPU.Build.0 = Release|Any CPU
		{4AF1E68F-2551-4E5B-A8DE-AB39E3D1FACF}.Debug|Any CPU.ActiveCfg = Debug|Any CPU
		{4AF1E68F-2551-4E5B-A8DE-AB39E3D1FACF}.Debug|Any CPU.Build.0 = Debug|Any CPU
		{4AF1E68F-2551-4E5B-A8DE-AB39E3D1FACF}.Release|Any CPU.ActiveCfg = Release|Any CPU
		{4AF1E68F-2551-4E5B-A8DE-AB39E3D1FACF}.Release|Any CPU.Build.0 = Release|Any CPU
		{87055FB8-95C4-4409-B7D4-5A2E2B442B09}.Debug|Any CPU.ActiveCfg = Debug|Any CPU
		{87055FB8-95C4-4409-B7D4-5A2E2B442B09}.Debug|Any CPU.Build.0 = Debug|Any CPU
		{87055FB8-95C4-4409-B7D4-5A2E2B442B09}.Release|Any CPU.ActiveCfg = Release|Any CPU
		{87055FB8-95C4-4409-B7D4-5A2E2B442B09}.Release|Any CPU.Build.0 = Release|Any CPU
		{33A5D665-FB26-CB0E-5AF0-4DC79FC10C86}.Debug|Any CPU.ActiveCfg = Debug|Any CPU
		{33A5D665-FB26-CB0E-5AF0-4DC79FC10C86}.Debug|Any CPU.Build.0 = Debug|Any CPU
		{33A5D665-FB26-CB0E-5AF0-4DC79FC10C86}.Release|Any CPU.ActiveCfg = Release|Any CPU
		{33A5D665-FB26-CB0E-5AF0-4DC79FC10C86}.Release|Any CPU.Build.0 = Release|Any CPU
	EndGlobalSection
	GlobalSection(SolutionProperties) = preSolution
		HideSolutionNode = FALSE
	EndGlobalSection
	GlobalSection(NestedProjects) = preSolution
		{2C4390B1-5078-4BFE-9265-8D5154F394E8} = {55EC2284-4F3D-4222-BD02-CD85FB109CB4}
		{23BAADD9-EFC6-4D5B-BE74-8134F84FD465} = {2C4390B1-5078-4BFE-9265-8D5154F394E8}
		{22562C87-E41F-477D-BB88-F744008A4552} = {23BAADD9-EFC6-4D5B-BE74-8134F84FD465}
		{43748E61-8E70-413D-8EA6-71650C0DE32E} = {23BAADD9-EFC6-4D5B-BE74-8134F84FD465}
		{378B6413-E283-44F5-ACEF-D441BE1E32CA} = {2C4390B1-5078-4BFE-9265-8D5154F394E8}
		{E1B92A02-52FF-461E-B66E-B26446C931FB} = {378B6413-E283-44F5-ACEF-D441BE1E32CA}
		{FE516CBB-FFB2-42F4-BB3B-541D7A1B4300} = {378B6413-E283-44F5-ACEF-D441BE1E32CA}
		{41289F2A-CE3F-4548-BB1D-54528F93B4A3} = {2C4390B1-5078-4BFE-9265-8D5154F394E8}
		{F28BF497-C629-405E-BC1D-98274EB5A1F3} = {41289F2A-CE3F-4548-BB1D-54528F93B4A3}
		{66E68A80-4593-4D86-B8B2-569128A329B1} = {41289F2A-CE3F-4548-BB1D-54528F93B4A3}
		{E0898809-CFDA-45EA-9FA9-96702099ABF5} = {2C4390B1-5078-4BFE-9265-8D5154F394E8}
		{45D3F509-7E39-42E6-8C1A-4B6299D6AD43} = {E0898809-CFDA-45EA-9FA9-96702099ABF5}
		{16B0E219-7EDA-44B3-BB99-0647C9B88250} = {E0898809-CFDA-45EA-9FA9-96702099ABF5}
		{EB48BA6B-E578-485E-88CE-C8A83ABE691E} = {474BA2D5-A05E-450E-BBEE-4D52F1FF34EF}
		{FFF1A803-D3EB-4843-93BE-E84C695F4967} = {F040905A-670E-4E77-82DB-721CD7B3FAC2}
		{B8E1B482-5C3C-4410-BCC5-A14C83F3A8EA} = {F040905A-670E-4E77-82DB-721CD7B3FAC2}
		{08D3758C-DAB6-4555-80B6-F11EE12063E4} = {F040905A-670E-4E77-82DB-721CD7B3FAC2}
		{B67FA9F1-84BA-4325-A892-C047037492D9} = {F040905A-670E-4E77-82DB-721CD7B3FAC2}
		{F374E87A-8074-4AD6-BB22-301AB0300E12} = {F040905A-670E-4E77-82DB-721CD7B3FAC2}
		{58D28FA0-A7D1-4A87-A561-E6BA5304B51C} = {F040905A-670E-4E77-82DB-721CD7B3FAC2}
		{406FDDE5-1295-42AD-B04D-84B508A04EEB} = {F040905A-670E-4E77-82DB-721CD7B3FAC2}
		{D6D1EF9F-C32F-4887-BBCF-3F15BD4FFB91} = {55EC2284-4F3D-4222-BD02-CD85FB109CB4}
		{0E8DBCA5-1D35-4C29-8D37-AD30B87CC131} = {55EC2284-4F3D-4222-BD02-CD85FB109CB4}
		{00005BA4-B443-4778-9BC3-7E88018262FD} = {55EC2284-4F3D-4222-BD02-CD85FB109CB4}
		{B6BBBF01-4E06-4A3A-93F6-65213DA7CA8A} = {55EC2284-4F3D-4222-BD02-CD85FB109CB4}
		{B84B347E-4CD5-46AE-8459-05837116A61A} = {474BA2D5-A05E-450E-BBEE-4D52F1FF34EF}
		{106CB6B3-52BB-4FA2-AAC5-460824FCA356} = {474BA2D5-A05E-450E-BBEE-4D52F1FF34EF}
		{6D2B94AD-1351-4C5A-A43D-097B67B199C0} = {474BA2D5-A05E-450E-BBEE-4D52F1FF34EF}
		{13274B8F-1033-48B7-A000-CC27C71E0F1A} = {474BA2D5-A05E-450E-BBEE-4D52F1FF34EF}
		{7E10904A-E9B8-4E47-A606-F399AE7F4F7F} = {474BA2D5-A05E-450E-BBEE-4D52F1FF34EF}
		{CCB60CC0-8211-4E42-AD96-3005497E1085} = {474BA2D5-A05E-450E-BBEE-4D52F1FF34EF}
		{41F518BD-CFBE-4087-B7BE-EDF553BEFF89} = {474BA2D5-A05E-450E-BBEE-4D52F1FF34EF}
		{0AD8CEE0-999A-4D49-92A7-C13ED8D827F4} = {474BA2D5-A05E-450E-BBEE-4D52F1FF34EF}
		{19221607-EAA3-40A3-A133-AB2A6BDA2A28} = {474BA2D5-A05E-450E-BBEE-4D52F1FF34EF}
		{4AF1E68F-2551-4E5B-A8DE-AB39E3D1FACF} = {474BA2D5-A05E-450E-BBEE-4D52F1FF34EF}
		{87055FB8-95C4-4409-B7D4-5A2E2B442B09} = {474BA2D5-A05E-450E-BBEE-4D52F1FF34EF}
		{33A5D665-FB26-CB0E-5AF0-4DC79FC10C86} = {474BA2D5-A05E-450E-BBEE-4D52F1FF34EF}
	EndGlobalSection
	GlobalSection(ExtensibilityGlobals) = postSolution
		SolutionGuid = {9323ED38-1B6C-4405-9DA0-96B3B345CC95}
	EndGlobalSection
EndGlobal
